// !$*UTF8*$!
{
	archiveVersion = 1;
	classes = {
	};
	objectVersion = 56;
	objects = {

/* Begin PBXBuildFile section */
		CE7197A6293A42E8009333C9 /* Simple_listApp.swift in Sources */ = {isa = PBXBuildFile; fileRef = CE7197A5293A42E8009333C9 /* Simple_listApp.swift */; };
		CE7197A8293A42E8009333C9 /* ContentView.swift in Sources */ = {isa = PBXBuildFile; fileRef = CE7197A7293A42E8009333C9 /* ContentView.swift */; };
		CE7197AA293A42E9009333C9 /* Assets.xcassets in Resources */ = {isa = PBXBuildFile; fileRef = CE7197A9293A42E9009333C9 /* Assets.xcassets */; };
		CE7197AD293A42E9009333C9 /* Preview Assets.xcassets in Resources */ = {isa = PBXBuildFile; fileRef = CE7197AC293A42E9009333C9 /* Preview Assets.xcassets */; };
		CE7197B7293A42E9009333C9 /* Simple_listTests.swift in Sources */ = {isa = PBXBuildFile; fileRef = CE7197B6293A42E9009333C9 /* Simple_listTests.swift */; };
		CE7197C1293A42E9009333C9 /* Simple_listUITests.swift in Sources */ = {isa = PBXBuildFile; fileRef = CE7197C0293A42E9009333C9 /* Simple_listUITests.swift */; };
		CE7197C3293A42E9009333C9 /* Simple_listUITestsLaunchTests.swift in Sources */ = {isa = PBXBuildFile; fileRef = CE7197C2293A42E9009333C9 /* Simple_listUITestsLaunchTests.swift */; };
/* End PBXBuildFile section */

/* Begin PBXContainerItemProxy section */
		CE7197B3293A42E9009333C9 /* PBXContainerItemProxy */ = {
			isa = PBXContainerItemProxy;
			containerPortal = CE71979A293A42E8009333C9 /* Project object */;
			proxyType = 1;
			remoteGlobalIDString = CE7197A1293A42E8009333C9;
			remoteInfo = "Simple list";
		};
		CE7197BD293A42E9009333C9 /* PBXContainerItemProxy */ = {
			isa = PBXContainerItemProxy;
			containerPortal = CE71979A293A42E8009333C9 /* Project object */;
			proxyType = 1;
			remoteGlobalIDString = CE7197A1293A42E8009333C9;
			remoteInfo = "Simple list";
		};
/* End PBXContainerItemProxy section */

/* Begin PBXFileReference section */
		CE7197A2293A42E8009333C9 /* Simple list.app */ = {isa = PBXFileReference; explicitFileType = wrapper.application; includeInIndex = 0; path = "Simple list.app"; sourceTree = BUILT_PRODUCTS_DIR; };
		CE7197A5293A42E8009333C9 /* Simple_listApp.swift */ = {isa = PBXFileReference; lastKnownFileType = sourcecode.swift; path = Simple_listApp.swift; sourceTree = "<group>"; };
		CE7197A7293A42E8009333C9 /* ContentView.swift */ = {isa = PBXFileReference; lastKnownFileType = sourcecode.swift; path = ContentView.swift; sourceTree = "<group>"; };
		CE7197A9293A42E9009333C9 /* Assets.xcassets */ = {isa = PBXFileReference; lastKnownFileType = folder.assetcatalog; path = Assets.xcassets; sourceTree = "<group>"; };
		CE7197AC293A42E9009333C9 /* Preview Assets.xcassets */ = {isa = PBXFileReference; lastKnownFileType = folder.assetcatalog; path = "Preview Assets.xcassets"; sourceTree = "<group>"; };
		CE7197B2293A42E9009333C9 /* Simple listTests.xctest */ = {isa = PBXFileReference; explicitFileType = wrapper.cfbundle; includeInIndex = 0; path = "Simple listTests.xctest"; sourceTree = BUILT_PRODUCTS_DIR; };
		CE7197B6293A42E9009333C9 /* Simple_listTests.swift */ = {isa = PBXFileReference; lastKnownFileType = sourcecode.swift; path = Simple_listTests.swift; sourceTree = "<group>"; };
		CE7197BC293A42E9009333C9 /* Simple listUITests.xctest */ = {isa = PBXFileReference; explicitFileType = wrapper.cfbundle; includeInIndex = 0; path = "Simple listUITests.xctest"; sourceTree = BUILT_PRODUCTS_DIR; };
		CE7197C0293A42E9009333C9 /* Simple_listUITests.swift */ = {isa = PBXFileReference; lastKnownFileType = sourcecode.swift; path = Simple_listUITests.swift; sourceTree = "<group>"; };
		CE7197C2293A42E9009333C9 /* Simple_listUITestsLaunchTests.swift */ = {isa = PBXFileReference; lastKnownFileType = sourcecode.swift; path = Simple_listUITestsLaunchTests.swift; sourceTree = "<group>"; };
/* End PBXFileReference section */

/* Begin PBXFrameworksBuildPhase section */
		CE71979F293A42E8009333C9 /* Frameworks */ = {
			isa = PBXFrameworksBuildPhase;
			buildActionMask = 2147483647;
			files = (
			);
			runOnlyForDeploymentPostprocessing = 0;
		};
		CE7197AF293A42E9009333C9 /* Frameworks */ = {
			isa = PBXFrameworksBuildPhase;
			buildActionMask = 2147483647;
			files = (
			);
			runOnlyForDeploymentPostprocessing = 0;
		};
		CE7197B9293A42E9009333C9 /* Frameworks */ = {
			isa = PBXFrameworksBuildPhase;
			buildActionMask = 2147483647;
			files = (
			);
			runOnlyForDeploymentPostprocessing = 0;
		};
/* End PBXFrameworksBuildPhase section */

/* Begin PBXGroup section */
		CE719799293A42E8009333C9 = {
			isa = PBXGroup;
			children = (
				CE7197A4293A42E8009333C9 /* Simple list */,
				CE7197B5293A42E9009333C9 /* Simple listTests */,
				CE7197BF293A42E9009333C9 /* Simple listUITests */,
				CE7197A3293A42E8009333C9 /* Products */,
			);
			sourceTree = "<group>";
		};
		CE7197A3293A42E8009333C9 /* Products */ = {
			isa = PBXGroup;
			children = (
				CE7197A2293A42E8009333C9 /* Simple list.app */,
				CE7197B2293A42E9009333C9 /* Simple listTests.xctest */,
				CE7197BC293A42E9009333C9 /* Simple listUITests.xctest */,
			);
			name = Products;
			sourceTree = "<group>";
		};
		CE7197A4293A42E8009333C9 /* Simple list */ = {
			isa = PBXGroup;
			children = (
				CE7197A5293A42E8009333C9 /* Simple_listApp.swift */,
				CE7197A7293A42E8009333C9 /* ContentView.swift */,
				CE7197A9293A42E9009333C9 /* Assets.xcassets */,
				CE7197AB293A42E9009333C9 /* Preview Content */,
			);
			path = "Simple list";
			sourceTree = "<group>";
		};
		CE7197AB293A42E9009333C9 /* Preview Content */ = {
			isa = PBXGroup;
			children = (
				CE7197AC293A42E9009333C9 /* Preview Assets.xcassets */,
			);
			path = "Preview Content";
			sourceTree = "<group>";
		};
		CE7197B5293A42E9009333C9 /* Simple listTests */ = {
			isa = PBXGroup;
			children = (
				CE7197B6293A42E9009333C9 /* Simple_listTests.swift */,
			);
			path = "Simple listTests";
			sourceTree = "<group>";
		};
		CE7197BF293A42E9009333C9 /* Simple listUITests */ = {
			isa = PBXGroup;
			children = (
				CE7197C0293A42E9009333C9 /* Simple_listUITests.swift */,
				CE7197C2293A42E9009333C9 /* Simple_listUITestsLaunchTests.swift */,
			);
			path = "Simple listUITests";
			sourceTree = "<group>";
		};
/* End PBXGroup section */

/* Begin PBXNativeTarget section */
		CE7197A1293A42E8009333C9 /* Simple list */ = {
			isa = PBXNativeTarget;
			buildConfigurationList = CE7197C6293A42E9009333C9 /* Build configuration list for PBXNativeTarget "Simple list" */;
			buildPhases = (
				CE71979E293A42E8009333C9 /* Sources */,
				CE71979F293A42E8009333C9 /* Frameworks */,
				CE7197A0293A42E8009333C9 /* Resources */,
			);
			buildRules = (
			);
			dependencies = (
			);
			name = "Simple list";
			productName = "Simple list";
			productReference = CE7197A2293A42E8009333C9 /* Simple list.app */;
			productType = "com.apple.product-type.application";
		};
		CE7197B1293A42E9009333C9 /* Simple listTests */ = {
			isa = PBXNativeTarget;
			buildConfigurationList = CE7197C9293A42E9009333C9 /* Build configuration list for PBXNativeTarget "Simple listTests" */;
			buildPhases = (
				CE7197AE293A42E9009333C9 /* Sources */,
				CE7197AF293A42E9009333C9 /* Frameworks */,
				CE7197B0293A42E9009333C9 /* Resources */,
			);
			buildRules = (
			);
			dependencies = (
				CE7197B4293A42E9009333C9 /* PBXTargetDependency */,
			);
			name = "Simple listTests";
			productName = "Simple listTests";
			productReference = CE7197B2293A42E9009333C9 /* Simple listTests.xctest */;
			productType = "com.apple.product-type.bundle.unit-test";
		};
		CE7197BB293A42E9009333C9 /* Simple listUITests */ = {
			isa = PBXNativeTarget;
			buildConfigurationList = CE7197CC293A42E9009333C9 /* Build configuration list for PBXNativeTarget "Simple listUITests" */;
			buildPhases = (
				CE7197B8293A42E9009333C9 /* Sources */,
				CE7197B9293A42E9009333C9 /* Frameworks */,
				CE7197BA293A42E9009333C9 /* Resources */,
			);
			buildRules = (
			);
			dependencies = (
				CE7197BE293A42E9009333C9 /* PBXTargetDependency */,
			);
			name = "Simple listUITests";
			productName = "Simple listUITests";
			productReference = CE7197BC293A42E9009333C9 /* Simple listUITests.xctest */;
			productType = "com.apple.product-type.bundle.ui-testing";
		};
/* End PBXNativeTarget section */

/* Begin PBXProject section */
		CE71979A293A42E8009333C9 /* Project object */ = {
			isa = PBXProject;
			attributes = {
				BuildIndependentTargetsInParallel = 1;
				LastSwiftUpdateCheck = 1410;
				LastUpgradeCheck = 1410;
				TargetAttributes = {
					CE7197A1293A42E8009333C9 = {
						CreatedOnToolsVersion = 14.1;
					};
					CE7197B1293A42E9009333C9 = {
						CreatedOnToolsVersion = 14.1;
						TestTargetID = CE7197A1293A42E8009333C9;
					};
					CE7197BB293A42E9009333C9 = {
						CreatedOnToolsVersion = 14.1;
						TestTargetID = CE7197A1293A42E8009333C9;
					};
				};
			};
			buildConfigurationList = CE71979D293A42E8009333C9 /* Build configuration list for PBXProject "Simple list" */;
			compatibilityVersion = "Xcode 14.0";
			developmentRegion = en;
			hasScannedForEncodings = 0;
			knownRegions = (
				en,
				Base,
			);
			mainGroup = CE719799293A42E8009333C9;
			productRefGroup = CE7197A3293A42E8009333C9 /* Products */;
			projectDirPath = "";
			projectRoot = "";
			targets = (
				CE7197A1293A42E8009333C9 /* Simple list */,
				CE7197B1293A42E9009333C9 /* Simple listTests */,
				CE7197BB293A42E9009333C9 /* Simple listUITests */,
			);
		};
/* End PBXProject section */

/* Begin PBXResourcesBuildPhase section */
		CE7197A0293A42E8009333C9 /* Resources */ = {
			isa = PBXResourcesBuildPhase;
			buildActionMask = 2147483647;
			files = (
				CE7197AD293A42E9009333C9 /* Preview Assets.xcassets in Resources */,
				CE7197AA293A42E9009333C9 /* Assets.xcassets in Resources */,
			);
			runOnlyForDeploymentPostprocessing = 0;
		};
		CE7197B0293A42E9009333C9 /* Resources */ = {
			isa = PBXResourcesBuildPhase;
			buildActionMask = 2147483647;
			files = (
			);
			runOnlyForDeploymentPostprocessing = 0;
		};
		CE7197BA293A42E9009333C9 /* Resources */ = {
			isa = PBXResourcesBuildPhase;
			buildActionMask = 2147483647;
			files = (
			);
			runOnlyForDeploymentPostprocessing = 0;
		};
/* End PBXResourcesBuildPhase section */

/* Begin PBXSourcesBuildPhase section */
		CE71979E293A42E8009333C9 /* Sources */ = {
			isa = PBXSourcesBuildPhase;
			buildActionMask = 2147483647;
			files = (
				CE7197A8293A42E8009333C9 /* ContentView.swift in Sources */,
				CE7197A6293A42E8009333C9 /* Simple_listApp.swift in Sources */,
			);
			runOnlyForDeploymentPostprocessing = 0;
		};
		CE7197AE293A42E9009333C9 /* Sources */ = {
			isa = PBXSourcesBuildPhase;
			buildActionMask = 2147483647;
			files = (
				CE7197B7293A42E9009333C9 /* Simple_listTests.swift in Sources */,
			);
			runOnlyForDeploymentPostprocessing = 0;
		};
		CE7197B8293A42E9009333C9 /* Sources */ = {
			isa = PBXSourcesBuildPhase;
			buildActionMask = 2147483647;
			files = (
				CE7197C3293A42E9009333C9 /* Simple_listUITestsLaunchTests.swift in Sources */,
				CE7197C1293A42E9009333C9 /* Simple_listUITests.swift in Sources */,
			);
			runOnlyForDeploymentPostprocessing = 0;
		};
/* End PBXSourcesBuildPhase section */

/* Begin PBXTargetDependency section */
		CE7197B4293A42E9009333C9 /* PBXTargetDependency */ = {
			isa = PBXTargetDependency;
			target = CE7197A1293A42E8009333C9 /* Simple list */;
			targetProxy = CE7197B3293A42E9009333C9 /* PBXContainerItemProxy */;
		};
		CE7197BE293A42E9009333C9 /* PBXTargetDependency */ = {
			isa = PBXTargetDependency;
			target = CE7197A1293A42E8009333C9 /* Simple list */;
			targetProxy = CE7197BD293A42E9009333C9 /* PBXContainerItemProxy */;
		};
/* End PBXTargetDependency section */

/* Begin XCBuildConfiguration section */
		CE7197C4293A42E9009333C9 /* Debug */ = {
			isa = XCBuildConfiguration;
			buildSettings = {
				ALWAYS_SEARCH_USER_PATHS = NO;
				CLANG_ANALYZER_NONNULL = YES;
				CLANG_ANALYZER_NUMBER_OBJECT_CONVERSION = YES_AGGRESSIVE;
				CLANG_CXX_LANGUAGE_STANDARD = "gnu++20";
				CLANG_ENABLE_MODULES = YES;
				CLANG_ENABLE_OBJC_ARC = YES;
				CLANG_ENABLE_OBJC_WEAK = YES;
				CLANG_WARN_BLOCK_CAPTURE_AUTORELEASING = YES;
				CLANG_WARN_BOOL_CONVERSION = YES;
				CLANG_WARN_COMMA = YES;
				CLANG_WARN_CONSTANT_CONVERSION = YES;
				CLANG_WARN_DEPRECATED_OBJC_IMPLEMENTATIONS = YES;
				CLANG_WARN_DIRECT_OBJC_ISA_USAGE = YES_ERROR;
				CLANG_WARN_DOCUMENTATION_COMMENTS = YES;
				CLANG_WARN_EMPTY_BODY = YES;
				CLANG_WARN_ENUM_CONVERSION = YES;
				CLANG_WARN_INFINITE_RECURSION = YES;
				CLANG_WARN_INT_CONVERSION = YES;
				CLANG_WARN_NON_LITERAL_NULL_CONVERSION = YES;
				CLANG_WARN_OBJC_IMPLICIT_RETAIN_SELF = YES;
				CLANG_WARN_OBJC_LITERAL_CONVERSION = YES;
				CLANG_WARN_OBJC_ROOT_CLASS = YES_ERROR;
				CLANG_WARN_QUOTED_INCLUDE_IN_FRAMEWORK_HEADER = YES;
				CLANG_WARN_RANGE_LOOP_ANALYSIS = YES;
				CLANG_WARN_STRICT_PROTOTYPES = YES;
				CLANG_WARN_SUSPICIOUS_MOVE = YES;
				CLANG_WARN_UNGUARDED_AVAILABILITY = YES_AGGRESSIVE;
				CLANG_WARN_UNREACHABLE_CODE = YES;
				CLANG_WARN__DUPLICATE_METHOD_MATCH = YES;
				COPY_PHASE_STRIP = NO;
				DEBUG_INFORMATION_FORMAT = dwarf;
				ENABLE_STRICT_OBJC_MSGSEND = YES;
				ENABLE_TESTABILITY = YES;
				GCC_C_LANGUAGE_STANDARD = gnu11;
				GCC_DYNAMIC_NO_PIC = NO;
				GCC_NO_COMMON_BLOCKS = YES;
				GCC_OPTIMIZATION_LEVEL = 0;
				GCC_PREPROCESSOR_DEFINITIONS = (
					"DEBUG=1",
					"$(inherited)",
				);
				GCC_WARN_64_TO_32_BIT_CONVERSION = YES;
				GCC_WARN_ABOUT_RETURN_TYPE = YES_ERROR;
				GCC_WARN_UNDECLARED_SELECTOR = YES;
				GCC_WARN_UNINITIALIZED_AUTOS = YES_AGGRESSIVE;
				GCC_WARN_UNUSED_FUNCTION = YES;
				GCC_WARN_UNUSED_VARIABLE = YES;
				IPHONEOS_DEPLOYMENT_TARGET = 16.1;
				MTL_ENABLE_DEBUG_INFO = INCLUDE_SOURCE;
				MTL_FAST_MATH = YES;
				ONLY_ACTIVE_ARCH = YES;
				SDKROOT = iphoneos;
				SWIFT_ACTIVE_COMPILATION_CONDITIONS = DEBUG;
				SWIFT_OPTIMIZATION_LEVEL = "-Onone";
			};
			name = Debug;
		};
		CE7197C5293A42E9009333C9 /* Release */ = {
			isa = XCBuildConfiguration;
			buildSettings = {
				ALWAYS_SEARCH_USER_PATHS = NO;
				CLANG_ANALYZER_NONNULL = YES;
				CLANG_ANALYZER_NUMBER_OBJECT_CONVERSION = YES_AGGRESSIVE;
				CLANG_CXX_LANGUAGE_STANDARD = "gnu++20";
				CLANG_ENABLE_MODULES = YES;
				CLANG_ENABLE_OBJC_ARC = YES;
				CLANG_ENABLE_OBJC_WEAK = YES;
				CLANG_WARN_BLOCK_CAPTURE_AUTORELEASING = YES;
				CLANG_WARN_BOOL_CONVERSION = YES;
				CLANG_WARN_COMMA = YES;
				CLANG_WARN_CONSTANT_CONVERSION = YES;
				CLANG_WARN_DEPRECATED_OBJC_IMPLEMENTATIONS = YES;
				CLANG_WARN_DIRECT_OBJC_ISA_USAGE = YES_ERROR;
				CLANG_WARN_DOCUMENTATION_COMMENTS = YES;
				CLANG_WARN_EMPTY_BODY = YES;
				CLANG_WARN_ENUM_CONVERSION = YES;
				CLANG_WARN_INFINITE_RECURSION = YES;
				CLANG_WARN_INT_CONVERSION = YES;
				CLANG_WARN_NON_LITERAL_NULL_CONVERSION = YES;
				CLANG_WARN_OBJC_IMPLICIT_RETAIN_SELF = YES;
				CLANG_WARN_OBJC_LITERAL_CONVERSION = YES;
				CLANG_WARN_OBJC_ROOT_CLASS = YES_ERROR;
				CLANG_WARN_QUOTED_INCLUDE_IN_FRAMEWORK_HEADER = YES;
				CLANG_WARN_RANGE_LOOP_ANALYSIS = YES;
				CLANG_WARN_STRICT_PROTOTYPES = YES;
				CLANG_WARN_SUSPICIOUS_MOVE = YES;
				CLANG_WARN_UNGUARDED_AVAILABILITY = YES_AGGRESSIVE;
				CLANG_WARN_UNREACHABLE_CODE = YES;
				CLANG_WARN__DUPLICATE_METHOD_MATCH = YES;
				COPY_PHASE_STRIP = NO;
				DEBUG_INFORMATION_FORMAT = "dwarf-with-dsym";
				ENABLE_NS_ASSERTIONS = NO;
				ENABLE_STRICT_OBJC_MSGSEND = YES;
				GCC_C_LANGUAGE_STANDARD = gnu11;
				GCC_NO_COMMON_BLOCKS = YES;
				GCC_WARN_64_TO_32_BIT_CONVERSION = YES;
				GCC_WARN_ABOUT_RETURN_TYPE = YES_ERROR;
				GCC_WARN_UNDECLARED_SELECTOR = YES;
				GCC_WARN_UNINITIALIZED_AUTOS = YES_AGGRESSIVE;
				GCC_WARN_UNUSED_FUNCTION = YES;
				GCC_WARN_UNUSED_VARIABLE = YES;
				IPHONEOS_DEPLOYMENT_TARGET = 16.1;
				MTL_ENABLE_DEBUG_INFO = NO;
				MTL_FAST_MATH = YES;
				SDKROOT = iphoneos;
				SWIFT_COMPILATION_MODE = wholemodule;
				SWIFT_OPTIMIZATION_LEVEL = "-O";
				VALIDATE_PRODUCT = YES;
			};
			name = Release;
		};
		CE7197C7293A42E9009333C9 /* Debug */ = {
			isa = XCBuildConfiguration;
			buildSettings = {
				ASSETCATALOG_COMPILER_APPICON_NAME = AppIcon;
				ASSETCATALOG_COMPILER_GLOBAL_ACCENT_COLOR_NAME = AccentColor;
				CODE_SIGN_STYLE = Automatic;
				CURRENT_PROJECT_VERSION = 1;
				DEVELOPMENT_ASSET_PATHS = "\"Simple list/Preview Content\"";
				ENABLE_PREVIEWS = YES;
				GENERATE_INFOPLIST_FILE = YES;
				INFOPLIST_KEY_UIApplicationSceneManifest_Generation = YES;
				INFOPLIST_KEY_UIApplicationSupportsIndirectInputEvents = YES;
				INFOPLIST_KEY_UILaunchScreen_Generation = YES;
				INFOPLIST_KEY_UISupportedInterfaceOrientations_iPad = "UIInterfaceOrientationPortrait UIInterfaceOrientationPortraitUpsideDown UIInterfaceOrientationLandscapeLeft UIInterfaceOrientationLandscapeRight";
				INFOPLIST_KEY_UISupportedInterfaceOrientations_iPhone = "UIInterfaceOrientationPortrait UIInterfaceOrientationLandscapeLeft UIInterfaceOrientationLandscapeRight";
				LD_RUNPATH_SEARCH_PATHS = (
					"$(inherited)",
					"@executable_path/Frameworks",
				);
				MARKETING_VERSION = 1.0;
				PRODUCT_BUNDLE_IDENTIFIER = "kaaveh.ir.Simple-list";
				PRODUCT_NAME = "$(TARGET_NAME)";
				SWIFT_EMIT_LOC_STRINGS = YES;
				SWIFT_VERSION = 5.0;
				TARGETED_DEVICE_FAMILY = "1,2";
			};
			name = Debug;
		};
		CE7197C8293A42E9009333C9 /* Release */ = {
			isa = XCBuildConfiguration;
			buildSettings = {
				ASSETCATALOG_COMPILER_APPICON_NAME = AppIcon;
				ASSETCATALOG_COMPILER_GLOBAL_ACCENT_COLOR_NAME = AccentColor;
				CODE_SIGN_STYLE = Automatic;
				CURRENT_PROJECT_VERSION = 1;
				DEVELOPMENT_ASSET_PATHS = "\"Simple list/Preview Content\"";
				ENABLE_PREVIEWS = YES;
				GENERATE_INFOPLIST_FILE = YES;
				INFOPLIST_KEY_UIApplicationSceneManifest_Generation = YES;
				INFOPLIST_KEY_UIApplicationSupportsIndirectInputEvents = YES;
				INFOPLIST_KEY_UILaunchScreen_Generation = YES;
				INFOPLIST_KEY_UISupportedInterfaceOrientations_iPad = "UIInterfaceOrientationPortrait UIInterfaceOrientationPortraitUpsideDown UIInterfaceOrientationLandscapeLeft UIInterfaceOrientationLandscapeRight";
				INFOPLIST_KEY_UISupportedInterfaceOrientations_iPhone = "UIInterfaceOrientationPortrait UIInterfaceOrientationLandscapeLeft UIInterfaceOrientationLandscapeRight";
				LD_RUNPATH_SEARCH_PATHS = (
					"$(inherited)",
					"@executable_path/Frameworks",
				);
				MARKETING_VERSION = 1.0;
				PRODUCT_BUNDLE_IDENTIFIER = "kaaveh.ir.Simple-list";
				PRODUCT_NAME = "$(TARGET_NAME)";
				SWIFT_EMIT_LOC_STRINGS = YES;
				SWIFT_VERSION = 5.0;
				TARGETED_DEVICE_FAMILY = "1,2";
			};
			name = Release;
		};
		CE7197CA293A42E9009333C9 /* Debug */ = {
			isa = XCBuildConfiguration;
			buildSettings = {
				ALWAYS_EMBED_SWIFT_STANDARD_LIBRARIES = YES;
				BUNDLE_LOADER = "$(TEST_HOST)";
				CODE_SIGN_STYLE = Automatic;
				CURRENT_PROJECT_VERSION = 1;
				GENERATE_INFOPLIST_FILE = YES;
				IPHONEOS_DEPLOYMENT_TARGET = 16.1;
				MARKETING_VERSION = 1.0;
				PRODUCT_BUNDLE_IDENTIFIER = "kaaveh.ir.Simple-listTests";
				PRODUCT_NAME = "$(TARGET_NAME)";
				SWIFT_EMIT_LOC_STRINGS = NO;
				SWIFT_VERSION = 5.0;
				TARGETED_DEVICE_FAMILY = "1,2";
				TEST_HOST = "$(BUILT_PRODUCTS_DIR)/Simple list.app/$(BUNDLE_EXECUTABLE_FOLDER_PATH)/Simple list";
			};
			name = Debug;
		};
		CE7197CB293A42E9009333C9 /* Release */ = {
			isa = XCBuildConfiguration;
			buildSettings = {
				ALWAYS_EMBED_SWIFT_STANDARD_LIBRARIES = YES;
				BUNDLE_LOADER = "$(TEST_HOST)";
				CODE_SIGN_STYLE = Automatic;
				CURRENT_PROJECT_VERSION = 1;
				GENERATE_INFOPLIST_FILE = YES;
				IPHONEOS_DEPLOYMENT_TARGET = 16.1;
				MARKETING_VERSION = 1.0;
				PRODUCT_BUNDLE_IDENTIFIER = "kaaveh.ir.Simple-listTests";
				PRODUCT_NAME = "$(TARGET_NAME)";
				SWIFT_EMIT_LOC_STRINGS = NO;
				SWIFT_VERSION = 5.0;
				TARGETED_DEVICE_FAMILY = "1,2";
				TEST_HOST = "$(BUILT_PRODUCTS_DIR)/Simple list.app/$(BUNDLE_EXECUTABLE_FOLDER_PATH)/Simple list";
			};
			name = Release;
		};
		CE7197CD293A42E9009333C9 /* Debug */ = {
			isa = XCBuildConfiguration;
			buildSettings = {
				ALWAYS_EMBED_SWIFT_STANDARD_LIBRARIES = YES;
				CODE_SIGN_STYLE = Automatic;
				CURRENT_PROJECT_VERSION = 1;
				GENERATE_INFOPLIST_FILE = YES;
				MARKETING_VERSION = 1.0;
				PRODUCT_BUNDLE_IDENTIFIER = "kaaveh.ir.Simple-listUITests";
				PRODUCT_NAME = "$(TARGET_NAME)";
				SWIFT_EMIT_LOC_STRINGS = NO;
				SWIFT_VERSION = 5.0;
				TARGETED_DEVICE_FAMILY = "1,2";
				TEST_TARGET_NAME = "Simple list";
			};
			name = Debug;
		};
		CE7197CE293A42E9009333C9 /* Release */ = {
			isa = XCBuildConfiguration;
			buildSettings = {
				ALWAYS_EMBED_SWIFT_STANDARD_LIBRARIES = YES;
				CODE_SIGN_STYLE = Automatic;
				CURRENT_PROJECT_VERSION = 1;
				GENERATE_INFOPLIST_FILE = YES;
				MARKETING_VERSION = 1.0;
				PRODUCT_BUNDLE_IDENTIFIER = "kaaveh.ir.Simple-listUITests";
				PRODUCT_NAME = "$(TARGET_NAME)";
				SWIFT_EMIT_LOC_STRINGS = NO;
				SWIFT_VERSION = 5.0;
				TARGETED_DEVICE_FAMILY = "1,2";
				TEST_TARGET_NAME = "Simple list";
			};
			name = Release;
		};
/* End XCBuildConfiguration section */

/* Begin XCConfigurationList section */
		CE71979D293A42E8009333C9 /* Build configuration list for PBXProject "Simple list" */ = {
			isa = XCConfigurationList;
			buildConfigurations = (
				CE7197C4293A42E9009333C9 /* Debug */,
				CE7197C5293A42E9009333C9 /* Release */,
			);
			defaultConfigurationIsVisible = 0;
			defaultConfigurationName = Release;
		};
		CE7197C6293A42E9009333C9 /* Build configuration list for PBXNativeTarget "Simple list" */ = {
			isa = XCConfigurationList;
			buildConfigurations = (
				CE7197C7293A42E9009333C9 /* Debug */,
				CE7197C8293A42E9009333C9 /* Release */,
			);
			defaultConfigurationIsVisible = 0;
			defaultConfigurationName = Release;
		};
		CE7197C9293A42E9009333C9 /* Build configuration list for PBXNativeTarget "Simple listTests" */ = {
			isa = XCConfigurationList;
			buildConfigurations = (
				CE7197CA293A42E9009333C9 /* Debug */,
				CE7197CB293A42E9009333C9 /* Release */,
			);
			defaultConfigurationIsVisible = 0;
			defaultConfigurationName = Release;
		};
		CE7197CC293A42E9009333C9 /* Build configuration list for PBXNativeTarget "Simple listUITests" */ = {
			isa = XCConfigurationList;
			buildConfigurations = (
				CE7197CD293A42E9009333C9 /* Debug */,
				CE7197CE293A42E9009333C9 /* Release */,
			);
			defaultConfigurationIsVisible = 0;
			defaultConfigurationName = Release;
		};
/* End XCConfigurationList section */
	};
	rootObject = CE71979A293A42E8009333C9 /* Project object */;
}
